PODS:
  - AFNetworking (3.1.0):
    - AFNetworking/NSURLSession (= 3.1.0)
    - AFNetworking/Reachability (= 3.1.0)
    - AFNetworking/Security (= 3.1.0)
    - AFNetworking/Serialization (= 3.1.0)
    - AFNetworking/UIKit (= 3.1.0)
  - AFNetworking/NSURLSession (3.1.0):
    - AFNetworking/Reachability
    - AFNetworking/Security
    - AFNetworking/Serialization
  - AFNetworking/Reachability (3.1.0)
  - AFNetworking/Security (3.1.0)
  - AFNetworking/Serialization (3.1.0)
  - AFNetworking/UIKit (3.1.0):
    - AFNetworking/NSURLSession
  - Bugly (2.4.8)
  - iCarousel (1.8.3)
  - Masonry (1.0.2)
  - MBProgressHUD (1.0.0)
  - MJExtension (3.0.13)
  - MJRefresh (3.1.12)
  - MOBFoundation (3.0.2)
  - QQ_XGPush (2.5.0)
  - SDWebImage (4.0.0):
    - SDWebImage/Core (= 4.0.0)
  - SDWebImage/Core (4.0.0)
  - ShareSDK3 (4.0.1):
    - MOBFoundation
    - ShareSDK3/ShareSDK (= 4.0.1)
  - ShareSDK3/ShareSDK (4.0.1):
    - MOBFoundation
  - ShareSDK3/ShareSDKConfigurationFile (4.0.1):
    - MOBFoundation
  - ShareSDK3/ShareSDKExtension (4.0.1):
    - MOBFoundation
  - ShareSDK3/ShareSDKPlatforms/QQ (4.0.1):
    - MOBFoundation
  - ShareSDK3/ShareSDKPlatforms/SinaWeibo (4.0.1):
    - MOBFoundation
  - ShareSDK3/ShareSDKPlatforms/WeChat (4.0.1):
    - MOBFoundation
  - ShareSDK3/ShareSDKUI (4.0.1):
    - MOBFoundation
  - YTKNetwork (2.0.3):
    - AFNetworking (~> 3.0)
  - YYKit (1.0.9):
    - YYKit/no-arc (= 1.0.9)
  - YYKit/no-arc (1.0.9)

DEPENDENCIES:
  - AFNetworking (~> 3.0)
  - Bugly (~> 2.4.8)
  - iCarousel (~> 1.8.3)
  - Masonry (~> 1.0.2)
  - MBProgressHUD (~> 1.0.0)
  - MJExtension (~> 3.0.13)
  - MJRefresh (~> 3.1.12)
  - MOBFoundation
  - QQ_XGPush (~> 2.5.0)
  - SDWebImage (~> 4.0.0)
  - ShareSDK3
  - ShareSDK3/ShareSDKConfigurationFile
  - ShareSDK3/ShareSDKExtension
  - ShareSDK3/ShareSDKPlatforms/QQ
  - ShareSDK3/ShareSDKPlatforms/SinaWeibo
  - ShareSDK3/ShareSDKPlatforms/WeChat
  - ShareSDK3/ShareSDKUI
  - YTKNetwork (~> 2.0.3)
  - YYKit (~> 1.0.9)

SPEC CHECKSUMS:
  AFNetworking: 0f9f92467cc2ad03ea9961c65bb75028ea4d49a9
  Bugly: da3c02408c14838d498429320545a8e439392978
  iCarousel: c5b682d2f6ef3338479e0cd87b5bd4847e73e37e
  Masonry: 1a8c8de06540777a02c86cc2abfc3950ede7cd22
  MBProgressHUD: 797fffbdf83b36406236328cc560949edd850dcf
  MJExtension: d9fbee1fb9025889dae7d7096e6ecb9d0ff36121
  MJRefresh: 11e1c9d86f2093ddcdbda7836bc2da477ddf568d
  MOBFoundation: f01498422cf5a707c6fbb89b3b4a804c1bc97dcc
  QQ_XGPush: 9a9d2ba7a6ad7a18b1237794f327ff91b79f45da
  SDWebImage: 6b64a5725896e9de8afbf4ed67d8e1ed331fd11c
  ShareSDK3: 0f8a2585a1f412018d7d9ddef896c476aa8dab02
  YTKNetwork: 98a278da5b3dd99b20c25a5e1cbb6fa9153d0f5b
  YYKit: c6f89a5e8008fa83a13f9b89fda1ff6ce191eb08

PODFILE CHECKSUM: 02c034e19681dc0c43749e35de69b0208727d6f4

COCOAPODS: 1.1.1
