// !$*UTF8*$!
{
	archiveVersion = 1;
	classes = {
	};
	objectVersion = 46;
	objects = {

/* Begin PBXBuildFile section */
		B0D0C9531F1F9C6900EBA36F /* main.m in Sources */ = {isa = PBXBuildFile; fileRef = B0D0C9521F1F9C6900EBA36F /* main.m */; };
		B0D0C9561F1F9C6900EBA36F /* AppDelegate.m in Sources */ = {isa = PBXBuildFile; fileRef = B0D0C9551F1F9C6900EBA36F /* AppDelegate.m */; };
		B0D0C9591F1F9C6900EBA36F /* MasterViewController.m in Sources */ = {isa = PBXBuildFile; fileRef = B0D0C9581F1F9C6900EBA36F /* MasterViewController.m */; };
		B0D0C95C1F1F9C6900EBA36F /* DetailViewController.m in Sources */ = {isa = PBXBuildFile; fileRef = B0D0C95B1F1F9C6900EBA36F /* DetailViewController.m */; };
		B0D0C95F1F1F9C6900EBA36F /* Main.storyboard in Resources */ = {isa = PBXBuildFile; fileRef = B0D0C95D1F1F9C6900EBA36F /* Main.storyboard */; };
		B0D0C9611F1F9C6900EBA36F /* Assets.xcassets in Resources */ = {isa = PBXBuildFile; fileRef = B0D0C9601F1F9C6900EBA36F /* Assets.xcassets */; };
		B0D0C9641F1F9C6900EBA36F /* LaunchScreen.storyboard in Resources */ = {isa = PBXBuildFile; fileRef = B0D0C9621F1F9C6900EBA36F /* LaunchScreen.storyboard */; };
		B0D0C96F1F1F9C6900EBA36F /* CaibeiMarketTests.m in Sources */ = {isa = PBXBuildFile; fileRef = B0D0C96E1F1F9C6900EBA36F /* CaibeiMarketTests.m */; };
		B0D0C97A1F1F9C6900EBA36F /* CaibeiMarketUITests.m in Sources */ = {isa = PBXBuildFile; fileRef = B0D0C9791F1F9C6900EBA36F /* CaibeiMarketUITests.m */; };
/* End PBXBuildFile section */

/* Begin PBXContainerItemProxy section */
		B0D0C96B1F1F9C6900EBA36F /* PBXContainerItemProxy */ = {
			isa = PBXContainerItemProxy;
			containerPortal = B0D0C9461F1F9C6900EBA36F /* Project object */;
			proxyType = 1;
			remoteGlobalIDString = B0D0C94D1F1F9C6900EBA36F;
			remoteInfo = CaibeiMarket;
		};
		B0D0C9761F1F9C6900EBA36F /* PBXContainerItemProxy */ = {
			isa = PBXContainerItemProxy;
			containerPortal = B0D0C9461F1F9C6900EBA36F /* Project object */;
			proxyType = 1;
			remoteGlobalIDString = B0D0C94D1F1F9C6900EBA36F;
			remoteInfo = CaibeiMarket;
		};
/* End PBXContainerItemProxy section */

/* Begin PBXFileReference section */
		B0D0C94E1F1F9C6900EBA36F /* CaibeiMarket.app */ = {isa = PBXFileReference; explicitFileType = wrapper.application; includeInIndex = 0; path = CaibeiMarket.app; sourceTree = BUILT_PRODUCTS_DIR; };
		B0D0C9521F1F9C6900EBA36F /* main.m */ = {isa = PBXFileReference; lastKnownFileType = sourcecode.c.objc; path = main.m; sourceTree = "<group>"; };
		B0D0C9541F1F9C6900EBA36F /* AppDelegate.h */ = {isa = PBXFileReference; lastKnownFileType = sourcecode.c.h; path = AppDelegate.h; sourceTree = "<group>"; };
		B0D0C9551F1F9C6900EBA36F /* AppDelegate.m */ = {isa = PBXFileReference; lastKnownFileType = sourcecode.c.objc; path = AppDelegate.m; sourceTree = "<group>"; };
		B0D0C9571F1F9C6900EBA36F /* MasterViewController.h */ = {isa = PBXFileReference; lastKnownFileType = sourcecode.c.h; path = MasterViewController.h; sourceTree = "<group>"; };
		B0D0C9581F1F9C6900EBA36F /* MasterViewController.m */ = {isa = PBXFileReference; lastKnownFileType = sourcecode.c.objc; path = MasterViewController.m; sourceTree = "<group>"; };
		B0D0C95A1F1F9C6900EBA36F /* DetailViewController.h */ = {isa = PBXFileReference; lastKnownFileType = sourcecode.c.h; path = DetailViewController.h; sourceTree = "<group>"; };
		B0D0C95B1F1F9C6900EBA36F /* DetailViewController.m */ = {isa = PBXFileReference; lastKnownFileType = sourcecode.c.objc; path = DetailViewController.m; sourceTree = "<group>"; };
		B0D0C95E1F1F9C6900EBA36F /* Base */ = {isa = PBXFileReference; lastKnownFileType = file.storyboard; name = Base; path = Base.lproj/Main.storyboard; sourceTree = "<group>"; };
		B0D0C9601F1F9C6900EBA36F /* Assets.xcassets */ = {isa = PBXFileReference; lastKnownFileType = folder.assetcatalog; path = Assets.xcassets; sourceTree = "<group>"; };
		B0D0C9631F1F9C6900EBA36F /* Base */ = {isa = PBXFileReference; lastKnownFileType = file.storyboard; name = Base; path = Base.lproj/LaunchScreen.storyboard; sourceTree = "<group>"; };
		B0D0C9651F1F9C6900EBA36F /* Info.plist */ = {isa = PBXFileReference; lastKnownFileType = text.plist.xml; path = Info.plist; sourceTree = "<group>"; };
		B0D0C96A1F1F9C6900EBA36F /* CaibeiMarketTests.xctest */ = {isa = PBXFileReference; explicitFileType = wrapper.cfbundle; includeInIndex = 0; path = CaibeiMarketTests.xctest; sourceTree = BUILT_PRODUCTS_DIR; };
		B0D0C96E1F1F9C6900EBA36F /* CaibeiMarketTests.m */ = {isa = PBXFileReference; lastKnownFileType = sourcecode.c.objc; path = CaibeiMarketTests.m; sourceTree = "<group>"; };
		B0D0C9701F1F9C6900EBA36F /* Info.plist */ = {isa = PBXFileReference; lastKnownFileType = text.plist.xml; path = Info.plist; sourceTree = "<group>"; };
		B0D0C9751F1F9C6900EBA36F /* CaibeiMarketUITests.xctest */ = {isa = PBXFileReference; explicitFileType = wrapper.cfbundle; includeInIndex = 0; path = CaibeiMarketUITests.xctest; sourceTree = BUILT_PRODUCTS_DIR; };
		B0D0C9791F1F9C6900EBA36F /* CaibeiMarketUITests.m */ = {isa = PBXFileReference; lastKnownFileType = sourcecode.c.objc; path = CaibeiMarketUITests.m; sourceTree = "<group>"; };
		B0D0C97B1F1F9C6900EBA36F /* Info.plist */ = {isa = PBXFileReference; lastKnownFileType = text.plist.xml; path = Info.plist; sourceTree = "<group>"; };
/* End PBXFileReference section */

/* Begin PBXFrameworksBuildPhase section */
		B0D0C94B1F1F9C6900EBA36F /* Frameworks */ = {
			isa = PBXFrameworksBuildPhase;
			buildActionMask = 2147483647;
			files = (
			);
			runOnlyForDeploymentPostprocessing = 0;
		};
		B0D0C9671F1F9C6900EBA36F /* Frameworks */ = {
			isa = PBXFrameworksBuildPhase;
			buildActionMask = 2147483647;
			files = (
			);
			runOnlyForDeploymentPostprocessing = 0;
		};
		B0D0C9721F1F9C6900EBA36F /* Frameworks */ = {
			isa = PBXFrameworksBuildPhase;
			buildActionMask = 2147483647;
			files = (
			);
			runOnlyForDeploymentPostprocessing = 0;
		};
/* End PBXFrameworksBuildPhase section */

/* Begin PBXGroup section */
		B0D0C9451F1F9C6900EBA36F = {
			isa = PBXGroup;
			children = (
				B0D0C9501F1F9C6900EBA36F /* CaibeiMarket */,
				B0D0C96D1F1F9C6900EBA36F /* CaibeiMarketTests */,
				B0D0C9781F1F9C6900EBA36F /* CaibeiMarketUITests */,
				B0D0C94F1F1F9C6900EBA36F /* Products */,
			);
			sourceTree = "<group>";
		};
		B0D0C94F1F1F9C6900EBA36F /* Products */ = {
			isa = PBXGroup;
			children = (
				B0D0C94E1F1F9C6900EBA36F /* CaibeiMarket.app */,
				B0D0C96A1F1F9C6900EBA36F /* CaibeiMarketTests.xctest */,
				B0D0C9751F1F9C6900EBA36F /* CaibeiMarketUITests.xctest */,
			);
			name = Products;
			sourceTree = "<group>";
		};
		B0D0C9501F1F9C6900EBA36F /* CaibeiMarket */ = {
			isa = PBXGroup;
			children = (
				B0D0C9541F1F9C6900EBA36F /* AppDelegate.h */,
				B0D0C9551F1F9C6900EBA36F /* AppDelegate.m */,
				B0D0C9571F1F9C6900EBA36F /* MasterViewController.h */,
				B0D0C9581F1F9C6900EBA36F /* MasterViewController.m */,
				B0D0C95A1F1F9C6900EBA36F /* DetailViewController.h */,
				B0D0C95B1F1F9C6900EBA36F /* DetailViewController.m */,
				B0D0C95D1F1F9C6900EBA36F /* Main.storyboard */,
				B0D0C9601F1F9C6900EBA36F /* Assets.xcassets */,
				B0D0C9621F1F9C6900EBA36F /* LaunchScreen.storyboard */,
				B0D0C9651F1F9C6900EBA36F /* Info.plist */,
				B0D0C9511F1F9C6900EBA36F /* Supporting Files */,
			);
			path = CaibeiMarket;
			sourceTree = "<group>";
		};
		B0D0C9511F1F9C6900EBA36F /* Supporting Files */ = {
			isa = PBXGroup;
			children = (
				B0D0C9521F1F9C6900EBA36F /* main.m */,
			);
			name = "Supporting Files";
			sourceTree = "<group>";
		};
		B0D0C96D1F1F9C6900EBA36F /* CaibeiMarketTests */ = {
			isa = PBXGroup;
			children = (
				B0D0C96E1F1F9C6900EBA36F /* CaibeiMarketTests.m */,
				B0D0C9701F1F9C6900EBA36F /* Info.plist */,
			);
			path = CaibeiMarketTests;
			sourceTree = "<group>";
		};
		B0D0C9781F1F9C6900EBA36F /* CaibeiMarketUITests */ = {
			isa = PBXGroup;
			children = (
				B0D0C9791F1F9C6900EBA36F /* CaibeiMarketUITests.m */,
				B0D0C97B1F1F9C6900EBA36F /* Info.plist */,
			);
			path = CaibeiMarketUITests;
			sourceTree = "<group>";
		};
/* End PBXGroup section */

/* Begin PBXNativeTarget section */
		B0D0C94D1F1F9C6900EBA36F /* CaibeiMarket */ = {
			isa = PBXNativeTarget;
			buildConfigurationList = B0D0C97E1F1F9C6900EBA36F /* Build configuration list for PBXNativeTarget "CaibeiMarket" */;
			buildPhases = (
				B0D0C94A1F1F9C6900EBA36F /* Sources */,
				B0D0C94B1F1F9C6900EBA36F /* Frameworks */,
				B0D0C94C1F1F9C6900EBA36F /* Resources */,
			);
			buildRules = (
			);
			dependencies = (
			);
			name = CaibeiMarket;
			productName = CaibeiMarket;
			productReference = B0D0C94E1F1F9C6900EBA36F /* CaibeiMarket.app */;
			productType = "com.apple.product-type.application";
		};
		B0D0C9691F1F9C6900EBA36F /* CaibeiMarketTests */ = {
			isa = PBXNativeTarget;
			buildConfigurationList = B0D0C9811F1F9C6900EBA36F /* Build configuration list for PBXNativeTarget "CaibeiMarketTests" */;
			buildPhases = (
				B0D0C9661F1F9C6900EBA36F /* Sources */,
				B0D0C9671F1F9C6900EBA36F /* Frameworks */,
				B0D0C9681F1F9C6900EBA36F /* Resources */,
			);
			buildRules = (
			);
			dependencies = (
				B0D0C96C1F1F9C6900EBA36F /* PBXTargetDependency */,
			);
			name = CaibeiMarketTests;
			productName = CaibeiMarketTests;
			productReference = B0D0C96A1F1F9C6900EBA36F /* CaibeiMarketTests.xctest */;
			productType = "com.apple.product-type.bundle.unit-test";
		};
		B0D0C9741F1F9C6900EBA36F /* CaibeiMarketUITests */ = {
			isa = PBXNativeTarget;
			buildConfigurationList = B0D0C9841F1F9C6900EBA36F /* Build configuration list for PBXNativeTarget "CaibeiMarketUITests" */;
			buildPhases = (
				B0D0C9711F1F9C6900EBA36F /* Sources */,
				B0D0C9721F1F9C6900EBA36F /* Frameworks */,
				B0D0C9731F1F9C6900EBA36F /* Resources */,
			);
			buildRules = (
			);
			dependencies = (
				B0D0C9771F1F9C6900EBA36F /* PBXTargetDependency */,
			);
			name = CaibeiMarketUITests;
			productName = CaibeiMarketUITests;
			productReference = B0D0C9751F1F9C6900EBA36F /* CaibeiMarketUITests.xctest */;
			productType = "com.apple.product-type.bundle.ui-testing";
		};
/* End PBXNativeTarget section */

/* Begin PBXProject section */
		B0D0C9461F1F9C6900EBA36F /* Project object */ = {
			isa = PBXProject;
			attributes = {
				LastUpgradeCheck = 0830;
				ORGANIZATIONNAME = qianji;
				TargetAttributes = {
					B0D0C94D1F1F9C6900EBA36F = {
						CreatedOnToolsVersion = 8.3.2;
						ProvisioningStyle = Automatic;
					};
					B0D0C9691F1F9C6900EBA36F = {
						CreatedOnToolsVersion = 8.3.2;
						ProvisioningStyle = Automatic;
						TestTargetID = B0D0C94D1F1F9C6900EBA36F;
					};
					B0D0C9741F1F9C6900EBA36F = {
						CreatedOnToolsVersion = 8.3.2;
						ProvisioningStyle = Automatic;
						TestTargetID = B0D0C94D1F1F9C6900EBA36F;
					};
				};
			};
			buildConfigurationList = B0D0C9491F1F9C6900EBA36F /* Build configuration list for PBXProject "CaibeiMarket" */;
			compatibilityVersion = "Xcode 3.2";
			developmentRegion = English;
			hasScannedForEncodings = 0;
			knownRegions = (
				en,
				Base,
			);
			mainGroup = B0D0C9451F1F9C6900EBA36F;
			productRefGroup = B0D0C94F1F1F9C6900EBA36F /* Products */;
			projectDirPath = "";
			projectRoot = "";
			targets = (
				B0D0C94D1F1F9C6900EBA36F /* CaibeiMarket */,
				B0D0C9691F1F9C6900EBA36F /* CaibeiMarketTests */,
				B0D0C9741F1F9C6900EBA36F /* CaibeiMarketUITests */,
			);
		};
/* End PBXProject section */

/* Begin PBXResourcesBuildPhase section */
		B0D0C94C1F1F9C6900EBA36F /* Resources */ = {
			isa = PBXResourcesBuildPhase;
			buildActionMask = 2147483647;
			files = (
				B0D0C9641F1F9C6900EBA36F /* LaunchScreen.storyboard in Resources */,
				B0D0C9611F1F9C6900EBA36F /* Assets.xcassets in Resources */,
				B0D0C95F1F1F9C6900EBA36F /* Main.storyboard in Resources */,
			);
			runOnlyForDeploymentPostprocessing = 0;
		};
		B0D0C9681F1F9C6900EBA36F /* Resources */ = {
			isa = PBXResourcesBuildPhase;
			buildActionMask = 2147483647;
			files = (
			);
			runOnlyForDeploymentPostprocessing = 0;
		};
		B0D0C9731F1F9C6900EBA36F /* Resources */ = {
			isa = PBXResourcesBuildPhase;
			buildActionMask = 2147483647;
			files = (
			);
			runOnlyForDeploymentPostprocessing = 0;
		};
/* End PBXResourcesBuildPhase section */

/* Begin PBXSourcesBuildPhase section */
		B0D0C94A1F1F9C6900EBA36F /* Sources */ = {
			isa = PBXSourcesBuildPhase;
			buildActionMask = 2147483647;
			files = (
				B0D0C9561F1F9C6900EBA36F /* AppDelegate.m in Sources */,
				B0D0C9591F1F9C6900EBA36F /* MasterViewController.m in Sources */,
				B0D0C9531F1F9C6900EBA36F /* main.m in Sources */,
				B0D0C95C1F1F9C6900EBA36F /* DetailViewController.m in Sources */,
			);
			runOnlyForDeploymentPostprocessing = 0;
		};
		B0D0C9661F1F9C6900EBA36F /* Sources */ = {
			isa = PBXSourcesBuildPhase;
			buildActionMask = 2147483647;
			files = (
				B0D0C96F1F1F9C6900EBA36F /* CaibeiMarketTests.m in Sources */,
			);
			runOnlyForDeploymentPostprocessing = 0;
		};
		B0D0C9711F1F9C6900EBA36F /* Sources */ = {
			isa = PBXSourcesBuildPhase;
			buildActionMask = 2147483647;
			files = (
				B0D0C97A1F1F9C6900EBA36F /* CaibeiMarketUITests.m in Sources */,
			);
			runOnlyForDeploymentPostprocessing = 0;
		};
/* End PBXSourcesBuildPhase section */

/* Begin PBXTargetDependency section */
		B0D0C96C1F1F9C6900EBA36F /* PBXTargetDependency */ = {
			isa = PBXTargetDependency;
			target = B0D0C94D1F1F9C6900EBA36F /* CaibeiMarket */;
			targetProxy = B0D0C96B1F1F9C6900EBA36F /* PBXContainerItemProxy */;
		};
		B0D0C9771F1F9C6900EBA36F /* PBXTargetDependency */ = {
			isa = PBXTargetDependency;
			target = B0D0C94D1F1F9C6900EBA36F /* CaibeiMarket */;
			targetProxy = B0D0C9761F1F9C6900EBA36F /* PBXContainerItemProxy */;
		};
/* End PBXTargetDependency section */

/* Begin PBXVariantGroup section */
		B0D0C95D1F1F9C6900EBA36F /* Main.storyboard */ = {
			isa = PBXVariantGroup;
			children = (
				B0D0C95E1F1F9C6900EBA36F /* Base */,
			);
			name = Main.storyboard;
			sourceTree = "<group>";
		};
		B0D0C9621F1F9C6900EBA36F /* LaunchScreen.storyboard */ = {
			isa = PBXVariantGroup;
			children = (
				B0D0C9631F1F9C6900EBA36F /* Base */,
			);
			name = LaunchScreen.storyboard;
			sourceTree = "<group>";
		};
/* End PBXVariantGroup section */

/* Begin XCBuildConfiguration section */
		B0D0C97C1F1F9C6900EBA36F /* Debug */ = {
			isa = XCBuildConfiguration;
			buildSettings = {
				ALWAYS_SEARCH_USER_PATHS = NO;
				CLANG_ANALYZER_NONNULL = YES;
				CLANG_ANALYZER_NUMBER_OBJECT_CONVERSION = YES_AGGRESSIVE;
				CLANG_CXX_LANGUAGE_STANDARD = "gnu++0x";
				CLANG_CXX_LIBRARY = "libc++";
				CLANG_ENABLE_MODULES = YES;
				CLANG_ENABLE_OBJC_ARC = YES;
				CLANG_WARN_BOOL_CONVERSION = YES;
				CLANG_WARN_CONSTANT_CONVERSION = YES;
				CLANG_WARN_DIRECT_OBJC_ISA_USAGE = YES_ERROR;
				CLANG_WARN_DOCUMENTATION_COMMENTS = YES;
				CLANG_WARN_EMPTY_BODY = YES;
				CLANG_WARN_ENUM_CONVERSION = YES;
				CLANG_WARN_INFINITE_RECURSION = YES;
				CLANG_WARN_INT_CONVERSION = YES;
				CLANG_WARN_OBJC_ROOT_CLASS = YES_ERROR;
				CLANG_WARN_SUSPICIOUS_MOVE = YES;
				CLANG_WARN_UNREACHABLE_CODE = YES;
				CLANG_WARN__DUPLICATE_METHOD_MATCH = YES;
				"CODE_SIGN_IDENTITY[sdk=iphoneos*]" = "iPhone Developer";
				COPY_PHASE_STRIP = NO;
				DEBUG_INFORMATION_FORMAT = dwarf;
				ENABLE_STRICT_OBJC_MSGSEND = YES;
				ENABLE_TESTABILITY = YES;
				GCC_C_LANGUAGE_STANDARD = gnu99;
				GCC_DYNAMIC_NO_PIC = NO;
				GCC_NO_COMMON_BLOCKS = YES;
				GCC_OPTIMIZATION_LEVEL = 0;
				GCC_PREPROCESSOR_DEFINITIONS = (
					"DEBUG=1",
					"$(inherited)",
				);
				GCC_WARN_64_TO_32_BIT_CONVERSION = YES;
				GCC_WARN_ABOUT_RETURN_TYPE = YES_ERROR;
				GCC_WARN_UNDECLARED_SELECTOR = YES;
				GCC_WARN_UNINITIALIZED_AUTOS = YES_AGGRESSIVE;
				GCC_WARN_UNUSED_FUNCTION = YES;
				GCC_WARN_UNUSED_VARIABLE = YES;
				IPHONEOS_DEPLOYMENT_TARGET = 10.3;
				MTL_ENABLE_DEBUG_INFO = YES;
				ONLY_ACTIVE_ARCH = YES;
				SDKROOT = iphoneos;
				TARGETED_DEVICE_FAMILY = "1,2";
			};
			name = Debug;
		};
		B0D0C97D1F1F9C6900EBA36F /* Release */ = {
			isa = XCBuildConfiguration;
			buildSettings = {
				ALWAYS_SEARCH_USER_PATHS = NO;
				CLANG_ANALYZER_NONNULL = YES;
				CLANG_ANALYZER_NUMBER_OBJECT_CONVERSION = YES_AGGRESSIVE;
				CLANG_CXX_LANGUAGE_STANDARD = "gnu++0x";
				CLANG_CXX_LIBRARY = "libc++";
				CLANG_ENABLE_MODULES = YES;
				CLANG_ENABLE_OBJC_ARC = YES;
				CLANG_WARN_BOOL_CONVERSION = YES;
				CLANG_WARN_CONSTANT_CONVERSION = YES;
				CLANG_WARN_DIRECT_OBJC_ISA_USAGE = YES_ERROR;
				CLANG_WARN_DOCUMENTATION_COMMENTS = YES;
				CLANG_WARN_EMPTY_BODY = YES;
				CLANG_WARN_ENUM_CONVERSION = YES;
				CLANG_WARN_INFINITE_RECURSION = YES;
				CLANG_WARN_INT_CONVERSION = YES;
				CLANG_WARN_OBJC_ROOT_CLASS = YES_ERROR;
				CLANG_WARN_SUSPICIOUS_MOVE = YES;
				CLANG_WARN_UNREACHABLE_CODE = YES;
				CLANG_WARN__DUPLICATE_METHOD_MATCH = YES;
				"CODE_SIGN_IDENTITY[sdk=iphoneos*]" = "iPhone Developer";
				COPY_PHASE_STRIP = NO;
				DEBUG_INFORMATION_FORMAT = "dwarf-with-dsym";
				ENABLE_NS_ASSERTIONS = NO;
				ENABLE_STRICT_OBJC_MSGSEND = YES;
				GCC_C_LANGUAGE_STANDARD = gnu99;
				GCC_NO_COMMON_BLOCKS = YES;
				GCC_WARN_64_TO_32_BIT_CONVERSION = YES;
				GCC_WARN_ABOUT_RETURN_TYPE = YES_ERROR;
				GCC_WARN_UNDECLARED_SELECTOR = YES;
				GCC_WARN_UNINITIALIZED_AUTOS = YES_AGGRESSIVE;
				GCC_WARN_UNUSED_FUNCTION = YES;
				GCC_WARN_UNUSED_VARIABLE = YES;
				IPHONEOS_DEPLOYMENT_TARGET = 10.3;
				MTL_ENABLE_DEBUG_INFO = NO;
				SDKROOT = iphoneos;
				TARGETED_DEVICE_FAMILY = "1,2";
				VALIDATE_PRODUCT = YES;
			};
			name = Release;
		};
		B0D0C97F1F1F9C6900EBA36F /* Debug */ = {
			isa = XCBuildConfiguration;
			buildSettings = {
				ASSETCATALOG_COMPILER_APPICON_NAME = AppIcon;
				INFOPLIST_FILE = CaibeiMarket/Info.plist;
				LD_RUNPATH_SEARCH_PATHS = "$(inherited) @executable_path/Frameworks";
				PRODUCT_BUNDLE_IDENTIFIER = com.icaibei.CaibeiMarket;
				PRODUCT_NAME = "$(TARGET_NAME)";
			};
			name = Debug;
		};
		B0D0C9801F1F9C6900EBA36F /* Release */ = {
			isa = XCBuildConfiguration;
			buildSettings = {
				ASSETCATALOG_COMPILER_APPICON_NAME = AppIcon;
				INFOPLIST_FILE = CaibeiMarket/Info.plist;
				LD_RUNPATH_SEARCH_PATHS = "$(inherited) @executable_path/Frameworks";
				PRODUCT_BUNDLE_IDENTIFIER = com.icaibei.CaibeiMarket;
				PRODUCT_NAME = "$(TARGET_NAME)";
			};
			name = Release;
		};
		B0D0C9821F1F9C6900EBA36F /* Debug */ = {
			isa = XCBuildConfiguration;
			buildSettings = {
				BUNDLE_LOADER = "$(TEST_HOST)";
				INFOPLIST_FILE = CaibeiMarketTests/Info.plist;
				LD_RUNPATH_SEARCH_PATHS = "$(inherited) @executable_path/Frameworks @loader_path/Frameworks";
				PRODUCT_BUNDLE_IDENTIFIER = com.icaibei.CaibeiMarketTests;
				PRODUCT_NAME = "$(TARGET_NAME)";
				TEST_HOST = "$(BUILT_PRODUCTS_DIR)/CaibeiMarket.app/CaibeiMarket";
			};
			name = Debug;
		};
		B0D0C9831F1F9C6900EBA36F /* Release */ = {
			isa = XCBuildConfiguration;
			buildSettings = {
				BUNDLE_LOADER = "$(TEST_HOST)";
				INFOPLIST_FILE = CaibeiMarketTests/Info.plist;
				LD_RUNPATH_SEARCH_PATHS = "$(inherited) @executable_path/Frameworks @loader_path/Frameworks";
				PRODUCT_BUNDLE_IDENTIFIER = com.icaibei.CaibeiMarketTests;
				PRODUCT_NAME = "$(TARGET_NAME)";
				TEST_HOST = "$(BUILT_PRODUCTS_DIR)/CaibeiMarket.app/CaibeiMarket";
			};
			name = Release;
		};
		B0D0C9851F1F9C6900EBA36F /* Debug */ = {
			isa = XCBuildConfiguration;
			buildSettings = {
				INFOPLIST_FILE = CaibeiMarketUITests/Info.plist;
				LD_RUNPATH_SEARCH_PATHS = "$(inherited) @executable_path/Frameworks @loader_path/Frameworks";
				PRODUCT_BUNDLE_IDENTIFIER = com.icaibei.CaibeiMarketUITests;
				PRODUCT_NAME = "$(TARGET_NAME)";
				TEST_TARGET_NAME = CaibeiMarket;
			};
			name = Debug;
		};
		B0D0C9861F1F9C6900EBA36F /* Release */ = {
			isa = XCBuildConfiguration;
			buildSettings = {
				INFOPLIST_FILE = CaibeiMarketUITests/Info.plist;
				LD_RUNPATH_SEARCH_PATHS = "$(inherited) @executable_path/Frameworks @loader_path/Frameworks";
				PRODUCT_BUNDLE_IDENTIFIER = com.icaibei.CaibeiMarketUITests;
				PRODUCT_NAME = "$(TARGET_NAME)";
				TEST_TARGET_NAME = CaibeiMarket;
			};
			name = Release;
		};
/* End XCBuildConfiguration section */

/* Begin XCConfigurationList section */
		B0D0C9491F1F9C6900EBA36F /* Build configuration list for PBXProject "CaibeiMarket" */ = {
			isa = XCConfigurationList;
			buildConfigurations = (
				B0D0C97C1F1F9C6900EBA36F /* Debug */,
				B0D0C97D1F1F9C6900EBA36F /* Release */,
			);
			defaultConfigurationIsVisible = 0;
			defaultConfigurationName = Release;
		};
		B0D0C97E1F1F9C6900EBA36F /* Build configuration list for PBXNativeTarget "CaibeiMarket" */ = {
			isa = XCConfigurationList;
			buildConfigurations = (
				B0D0C97F1F1F9C6900EBA36F /* Debug */,
				B0D0C9801F1F9C6900EBA36F /* Release */,
			);
			defaultConfigurationIsVisible = 0;
			defaultConfigurationName = Release;
		};
		B0D0C9811F1F9C6900EBA36F /* Build configuration list for PBXNativeTarget "CaibeiMarketTests" */ = {
			isa = XCConfigurationList;
			buildConfigurations = (
				B0D0C9821F1F9C6900EBA36F /* Debug */,
				B0D0C9831F1F9C6900EBA36F /* Release */,
			);
			defaultConfigurationIsVisible = 0;
			defaultConfigurationName = Release;
		};
		B0D0C9841F1F9C6900EBA36F /* Build configuration list for PBXNativeTarget "CaibeiMarketUITests" */ = {
			isa = XCConfigurationList;
			buildConfigurations = (
				B0D0C9851F1F9C6900EBA36F /* Debug */,
				B0D0C9861F1F9C6900EBA36F /* Release */,
			);
			defaultConfigurationIsVisible = 0;
			defaultConfigurationName = Release;
		};
/* End XCConfigurationList section */
	};
	rootObject = B0D0C9461F1F9C6900EBA36F /* Project object */;
}
